// !$*UTF8*$!
{
	archiveVersion = 1;
	classes = {
	};
	objectVersion = 50;
	objects = {

/* Begin PBXBuildFile section */
		793E45FD251C087F0032EC18 /* AppDelegate.swift in Sources */ = {isa = PBXBuildFile; fileRef = 793E45FC251C087F0032EC18 /* AppDelegate.swift */; };
		793E45FF251C087F0032EC18 /* SceneDelegate.swift in Sources */ = {isa = PBXBuildFile; fileRef = 793E45FE251C087F0032EC18 /* SceneDelegate.swift */; };
		793E4601251C087F0032EC18 /* ViewController.swift in Sources */ = {isa = PBXBuildFile; fileRef = 793E4600251C087F0032EC18 /* ViewController.swift */; };
		793E4604251C087F0032EC18 /* Main.storyboard in Resources */ = {isa = PBXBuildFile; fileRef = 793E4602251C087F0032EC18 /* Main.storyboard */; };
		793E4606251C08840032EC18 /* Assets.xcassets in Resources */ = {isa = PBXBuildFile; fileRef = 793E4605251C08840032EC18 /* Assets.xcassets */; };
		793E4609251C08840032EC18 /* LaunchScreen.storyboard in Resources */ = {isa = PBXBuildFile; fileRef = 793E4607251C08840032EC18 /* LaunchScreen.storyboard */; };
		793E4614251C08840032EC18 /* Ml_CoreTests.swift in Sources */ = {isa = PBXBuildFile; fileRef = 793E4613251C08840032EC18 /* Ml_CoreTests.swift */; };
		793E461F251C08840032EC18 /* Ml_CoreUITests.swift in Sources */ = {isa = PBXBuildFile; fileRef = 793E461E251C08840032EC18 /* Ml_CoreUITests.swift */; };
		793E462D251C11EF0032EC18 /* Inceptionv3.mlmodel in Sources */ = {isa = PBXBuildFile; fileRef = 793E462C251C11EF0032EC18 /* Inceptionv3.mlmodel */; };
/* End PBXBuildFile section */

/* Begin PBXContainerItemProxy section */
		793E4610251C08840032EC18 /* PBXContainerItemProxy */ = {
			isa = PBXContainerItemProxy;
			containerPortal = 793E45F1251C087F0032EC18 /* Project object */;
			proxyType = 1;
			remoteGlobalIDString = 793E45F8251C087F0032EC18;
			remoteInfo = "Ml Core";
		};
		793E461B251C08840032EC18 /* PBXContainerItemProxy */ = {
			isa = PBXContainerItemProxy;
			containerPortal = 793E45F1251C087F0032EC18 /* Project object */;
			proxyType = 1;
			remoteGlobalIDString = 793E45F8251C087F0032EC18;
			remoteInfo = "Ml Core";
		};
/* End PBXContainerItemProxy section */

/* Begin PBXFileReference section */
		793E45F9251C087F0032EC18 /* Ml Core.app */ = {isa = PBXFileReference; explicitFileType = wrapper.application; includeInIndex = 0; path = "Ml Core.app"; sourceTree = BUILT_PRODUCTS_DIR; };
		793E45FC251C087F0032EC18 /* AppDelegate.swift */ = {isa = PBXFileReference; lastKnownFileType = sourcecode.swift; path = AppDelegate.swift; sourceTree = "<group>"; };
		793E45FE251C087F0032EC18 /* SceneDelegate.swift */ = {isa = PBXFileReference; lastKnownFileType = sourcecode.swift; path = SceneDelegate.swift; sourceTree = "<group>"; };
		793E4600251C087F0032EC18 /* ViewController.swift */ = {isa = PBXFileReference; lastKnownFileType = sourcecode.swift; path = ViewController.swift; sourceTree = "<group>"; };
		793E4603251C087F0032EC18 /* Base */ = {isa = PBXFileReference; lastKnownFileType = file.storyboard; name = Base; path = Base.lproj/Main.storyboard; sourceTree = "<group>"; };
		793E4605251C08840032EC18 /* Assets.xcassets */ = {isa = PBXFileReference; lastKnownFileType = folder.assetcatalog; path = Assets.xcassets; sourceTree = "<group>"; };
		793E4608251C08840032EC18 /* Base */ = {isa = PBXFileReference; lastKnownFileType = file.storyboard; name = Base; path = Base.lproj/LaunchScreen.storyboard; sourceTree = "<group>"; };
		793E460A251C08840032EC18 /* Info.plist */ = {isa = PBXFileReference; lastKnownFileType = text.plist.xml; path = Info.plist; sourceTree = "<group>"; };
		793E460F251C08840032EC18 /* Ml CoreTests.xctest */ = {isa = PBXFileReference; explicitFileType = wrapper.cfbundle; includeInIndex = 0; path = "Ml CoreTests.xctest"; sourceTree = BUILT_PRODUCTS_DIR; };
		793E4613251C08840032EC18 /* Ml_CoreTests.swift */ = {isa = PBXFileReference; lastKnownFileType = sourcecode.swift; path = Ml_CoreTests.swift; sourceTree = "<group>"; };
		793E4615251C08840032EC18 /* Info.plist */ = {isa = PBXFileReference; lastKnownFileType = text.plist.xml; path = Info.plist; sourceTree = "<group>"; };
		793E461A251C08840032EC18 /* Ml CoreUITests.xctest */ = {isa = PBXFileReference; explicitFileType = wrapper.cfbundle; includeInIndex = 0; path = "Ml CoreUITests.xctest"; sourceTree = BUILT_PRODUCTS_DIR; };
		793E461E251C08840032EC18 /* Ml_CoreUITests.swift */ = {isa = PBXFileReference; lastKnownFileType = sourcecode.swift; path = Ml_CoreUITests.swift; sourceTree = "<group>"; };
		793E4620251C08840032EC18 /* Info.plist */ = {isa = PBXFileReference; lastKnownFileType = text.plist.xml; path = Info.plist; sourceTree = "<group>"; };
		793E462C251C11EF0032EC18 /* Inceptionv3.mlmodel */ = {isa = PBXFileReference; lastKnownFileType = file.mlmodel; path = Inceptionv3.mlmodel; sourceTree = "<group>"; };
/* End PBXFileReference section */

/* Begin PBXFrameworksBuildPhase section */
		793E45F6251C087F0032EC18 /* Frameworks */ = {
			isa = PBXFrameworksBuildPhase;
			buildActionMask = 2147483647;
			files = (
			);
			runOnlyForDeploymentPostprocessing = 0;
		};
		793E460C251C08840032EC18 /* Frameworks */ = {
			isa = PBXFrameworksBuildPhase;
			buildActionMask = 2147483647;
			files = (
			);
			runOnlyForDeploymentPostprocessing = 0;
		};
		793E4617251C08840032EC18 /* Frameworks */ = {
			isa = PBXFrameworksBuildPhase;
			buildActionMask = 2147483647;
			files = (
			);
			runOnlyForDeploymentPostprocessing = 0;
		};
/* End PBXFrameworksBuildPhase section */

/* Begin PBXGroup section */
		793E45F0251C087F0032EC18 = {
			isa = PBXGroup;
			children = (
				793E45FB251C087F0032EC18 /* Ml Core */,
				793E4612251C08840032EC18 /* Ml CoreTests */,
				793E461D251C08840032EC18 /* Ml CoreUITests */,
				793E45FA251C087F0032EC18 /* Products */,
			);
			sourceTree = "<group>";
		};
		793E45FA251C087F0032EC18 /* Products */ = {
			isa = PBXGroup;
			children = (
				793E45F9251C087F0032EC18 /* Ml Core.app */,
				793E460F251C08840032EC18 /* Ml CoreTests.xctest */,
				793E461A251C08840032EC18 /* Ml CoreUITests.xctest */,
			);
			name = Products;
			sourceTree = "<group>";
		};
		793E45FB251C087F0032EC18 /* Ml Core */ = {
			isa = PBXGroup;
			children = (
				793E462C251C11EF0032EC18 /* Inceptionv3.mlmodel */,
				793E45FC251C087F0032EC18 /* AppDelegate.swift */,
				793E45FE251C087F0032EC18 /* SceneDelegate.swift */,
				793E4600251C087F0032EC18 /* ViewController.swift */,
				793E4602251C087F0032EC18 /* Main.storyboard */,
				793E4605251C08840032EC18 /* Assets.xcassets */,
				793E4607251C08840032EC18 /* LaunchScreen.storyboard */,
				793E460A251C08840032EC18 /* Info.plist */,
			);
			path = "Ml Core";
			sourceTree = "<group>";
		};
		793E4612251C08840032EC18 /* Ml CoreTests */ = {
			isa = PBXGroup;
			children = (
				793E4613251C08840032EC18 /* Ml_CoreTests.swift */,
				793E4615251C08840032EC18 /* Info.plist */,
			);
			path = "Ml CoreTests";
			sourceTree = "<group>";
		};
		793E461D251C08840032EC18 /* Ml CoreUITests */ = {
			isa = PBXGroup;
			children = (
				793E461E251C08840032EC18 /* Ml_CoreUITests.swift */,
				793E4620251C08840032EC18 /* Info.plist */,
			);
			path = "Ml CoreUITests";
			sourceTree = "<group>";
		};
/* End PBXGroup section */

/* Begin PBXNativeTarget section */
		793E45F8251C087F0032EC18 /* Ml Core */ = {
			isa = PBXNativeTarget;
			buildConfigurationList = 793E4623251C08840032EC18 /* Build configuration list for PBXNativeTarget "Ml Core" */;
			buildPhases = (
				793E45F5251C087F0032EC18 /* Sources */,
				793E45F6251C087F0032EC18 /* Frameworks */,
				793E45F7251C087F0032EC18 /* Resources */,
			);
			buildRules = (
			);
			dependencies = (
			);
			name = "Ml Core";
			productName = "Ml Core";
			productReference = 793E45F9251C087F0032EC18 /* Ml Core.app */;
			productType = "com.apple.product-type.application";
		};
		793E460E251C08840032EC18 /* Ml CoreTests */ = {
			isa = PBXNativeTarget;
			buildConfigurationList = 793E4626251C08840032EC18 /* Build configuration list for PBXNativeTarget "Ml CoreTests" */;
			buildPhases = (
				793E460B251C08840032EC18 /* Sources */,
				793E460C251C08840032EC18 /* Frameworks */,
				793E460D251C08840032EC18 /* Resources */,
			);
			buildRules = (
			);
			dependencies = (
				793E4611251C08840032EC18 /* PBXTargetDependency */,
			);
			name = "Ml CoreTests";
			productName = "Ml CoreTests";
			productReference = 793E460F251C08840032EC18 /* Ml CoreTests.xctest */;
			productType = "com.apple.product-type.bundle.unit-test";
		};
		793E4619251C08840032EC18 /* Ml CoreUITests */ = {
			isa = PBXNativeTarget;
			buildConfigurationList = 793E4629251C08840032EC18 /* Build configuration list for PBXNativeTarget "Ml CoreUITests" */;
			buildPhases = (
				793E4616251C08840032EC18 /* Sources */,
				793E4617251C08840032EC18 /* Frameworks */,
				793E4618251C08840032EC18 /* Resources */,
			);
			buildRules = (
			);
			dependencies = (
				793E461C251C08840032EC18 /* PBXTargetDependency */,
			);
			name = "Ml CoreUITests";
			productName = "Ml CoreUITests";
			productReference = 793E461A251C08840032EC18 /* Ml CoreUITests.xctest */;
			productType = "com.apple.product-type.bundle.ui-testing";
		};
/* End PBXNativeTarget section */

/* Begin PBXProject section */
		793E45F1251C087F0032EC18 /* Project object */ = {
			isa = PBXProject;
			attributes = {
				LastSwiftUpdateCheck = 1140;
				LastUpgradeCheck = 1140;
				ORGANIZATIONNAME = "Ahmed Nasr";
				TargetAttributes = {
					793E45F8251C087F0032EC18 = {
						CreatedOnToolsVersion = 11.4;
					};
					793E460E251C08840032EC18 = {
						CreatedOnToolsVersion = 11.4;
						TestTargetID = 793E45F8251C087F0032EC18;
					};
					793E4619251C08840032EC18 = {
						CreatedOnToolsVersion = 11.4;
						TestTargetID = 793E45F8251C087F0032EC18;
					};
				};
			};
			buildConfigurationList = 793E45F4251C087F0032EC18 /* Build configuration list for PBXProject "Ml Core" */;
			compatibilityVersion = "Xcode 9.3";
			developmentRegion = en;
			hasScannedForEncodings = 0;
			knownRegions = (
				en,
				Base,
			);
			mainGroup = 793E45F0251C087F0032EC18;
			productRefGroup = 793E45FA251C087F0032EC18 /* Products */;
			projectDirPath = "";
			projectRoot = "";
			targets = (
				793E45F8251C087F0032EC18 /* Ml Core */,
				793E460E251C08840032EC18 /* Ml CoreTests */,
				793E4619251C08840032EC18 /* Ml CoreUITests */,
			);
		};
/* End PBXProject section */

/* Begin PBXResourcesBuildPhase section */
		793E45F7251C087F0032EC18 /* Resources */ = {
			isa = PBXResourcesBuildPhase;
			buildActionMask = 2147483647;
			files = (
				793E4609251C08840032EC18 /* LaunchScreen.storyboard in Resources */,
				793E4606251C08840032EC18 /* Assets.xcassets in Resources */,
				793E4604251C087F0032EC18 /* Main.storyboard in Resources */,
			);
			runOnlyForDeploymentPostprocessing = 0;
		};
		793E460D251C08840032EC18 /* Resources */ = {
			isa = PBXResourcesBuildPhase;
			buildActionMask = 2147483647;
			files = (
			);
			runOnlyForDeploymentPostprocessing = 0;
		};
		793E4618251C08840032EC18 /* Resources */ = {
			isa = PBXResourcesBuildPhase;
			buildActionMask = 2147483647;
			files = (
			);
			runOnlyForDeploymentPostprocessing = 0;
		};
/* End PBXResourcesBuildPhase section */

/* Begin PBXSourcesBuildPhase section */
		793E45F5251C087F0032EC18 /* Sources */ = {
			isa = PBXSourcesBuildPhase;
			buildActionMask = 2147483647;
			files = (
				793E4601251C087F0032EC18 /* ViewController.swift in Sources */,
				793E462D251C11EF0032EC18 /* Inceptionv3.mlmodel in Sources */,
				793E45FD251C087F0032EC18 /* AppDelegate.swift in Sources */,
				793E45FF251C087F0032EC18 /* SceneDelegate.swift in Sources */,
			);
			runOnlyForDeploymentPostprocessing = 0;
		};
		793E460B251C08840032EC18 /* Sources */ = {
			isa = PBXSourcesBuildPhase;
			buildActionMask = 2147483647;
			files = (
				793E4614251C08840032EC18 /* Ml_CoreTests.swift in Sources */,
			);
			runOnlyForDeploymentPostprocessing = 0;
		};
		793E4616251C08840032EC18 /* Sources */ = {
			isa = PBXSourcesBuildPhase;
			buildActionMask = 2147483647;
			files = (
				793E461F251C08840032EC18 /* Ml_CoreUITests.swift in Sources */,
			);
			runOnlyForDeploymentPostprocessing = 0;
		};
/* End PBXSourcesBuildPhase section */

/* Begin PBXTargetDependency section */
		793E4611251C08840032EC18 /* PBXTargetDependency */ = {
			isa = PBXTargetDependency;
			target = 793E45F8251C087F0032EC18 /* Ml Core */;
			targetProxy = 793E4610251C08840032EC18 /* PBXContainerItemProxy */;
		};
		793E461C251C08840032EC18 /* PBXTargetDependency */ = {
			isa = PBXTargetDependency;
			target = 793E45F8251C087F0032EC18 /* Ml Core */;
			targetProxy = 793E461B251C08840032EC18 /* PBXContainerItemProxy */;
		};
/* End PBXTargetDependency section */

/* Begin PBXVariantGroup section */
		793E4602251C087F0032EC18 /* Main.storyboard */ = {
			isa = PBXVariantGroup;
			children = (
				793E4603251C087F0032EC18 /* Base */,
			);
			name = Main.storyboard;
			sourceTree = "<group>";
		};
		793E4607251C08840032EC18 /* LaunchScreen.storyboard */ = {
			isa = PBXVariantGroup;
			children = (
				793E4608251C08840032EC18 /* Base */,
			);
			name = LaunchScreen.storyboard;
			sourceTree = "<group>";
		};
/* End PBXVariantGroup section */

/* Begin XCBuildConfiguration section */
		793E4621251C08840032EC18 /* Debug */ = {
			isa = XCBuildConfiguration;
			buildSettings = {
				ALWAYS_SEARCH_USER_PATHS = NO;
				CLANG_ANALYZER_NONNULL = YES;
				CLANG_ANALYZER_NUMBER_OBJECT_CONVERSION = YES_AGGRESSIVE;
				CLANG_CXX_LANGUAGE_STANDARD = "gnu++14";
				CLANG_CXX_LIBRARY = "libc++";
				CLANG_ENABLE_MODULES = YES;
				CLANG_ENABLE_OBJC_ARC = YES;
				CLANG_ENABLE_OBJC_WEAK = YES;
				CLANG_WARN_BLOCK_CAPTURE_AUTORELEASING = YES;
				CLANG_WARN_BOOL_CONVERSION = YES;
				CLANG_WARN_COMMA = YES;
				CLANG_WARN_CONSTANT_CONVERSION = YES;
				CLANG_WARN_DEPRECATED_OBJC_IMPLEMENTATIONS = YES;
				CLANG_WARN_DIRECT_OBJC_ISA_USAGE = YES_ERROR;
				CLANG_WARN_DOCUMENTATION_COMMENTS = YES;
				CLANG_WARN_EMPTY_BODY = YES;
				CLANG_WARN_ENUM_CONVERSION = YES;
				CLANG_WARN_INFINITE_RECURSION = YES;
				CLANG_WARN_INT_CONVERSION = YES;
				CLANG_WARN_NON_LITERAL_NULL_CONVERSION = YES;
				CLANG_WARN_OBJC_IMPLICIT_RETAIN_SELF = YES;
				CLANG_WARN_OBJC_LITERAL_CONVERSION = YES;
				CLANG_WARN_OBJC_ROOT_CLASS = YES_ERROR;
				CLANG_WARN_RANGE_LOOP_ANALYSIS = YES;
				CLANG_WARN_STRICT_PROTOTYPES = YES;
				CLANG_WARN_SUSPICIOUS_MOVE = YES;
				CLANG_WARN_UNGUARDED_AVAILABILITY = YES_AGGRESSIVE;
				CLANG_WARN_UNREACHABLE_CODE = YES;
				CLANG_WARN__DUPLICATE_METHOD_MATCH = YES;
				COPY_PHASE_STRIP = NO;
				DEBUG_INFORMATION_FORMAT = dwarf;
				ENABLE_STRICT_OBJC_MSGSEND = YES;
				ENABLE_TESTABILITY = YES;
				GCC_C_LANGUAGE_STANDARD = gnu11;
				GCC_DYNAMIC_NO_PIC = NO;
				GCC_NO_COMMON_BLOCKS = YES;
				GCC_OPTIMIZATION_LEVEL = 0;
				GCC_PREPROCESSOR_DEFINITIONS = (
					"DEBUG=1",
					"$(inherited)",
				);
				GCC_WARN_64_TO_32_BIT_CONVERSION = YES;
				GCC_WARN_ABOUT_RETURN_TYPE = YES_ERROR;
				GCC_WARN_UNDECLARED_SELECTOR = YES;
				GCC_WARN_UNINITIALIZED_AUTOS = YES_AGGRESSIVE;
				GCC_WARN_UNUSED_FUNCTION = YES;
				GCC_WARN_UNUSED_VARIABLE = YES;
				IPHONEOS_DEPLOYMENT_TARGET = 13.4;
				MTL_ENABLE_DEBUG_INFO = INCLUDE_SOURCE;
				MTL_FAST_MATH = YES;
				ONLY_ACTIVE_ARCH = YES;
				SDKROOT = iphoneos;
				SWIFT_ACTIVE_COMPILATION_CONDITIONS = DEBUG;
				SWIFT_OPTIMIZATION_LEVEL = "-Onone";
			};
			name = Debug;
		};
		793E4622251C08840032EC18 /* Release */ = {
			isa = XCBuildConfiguration;
			buildSettings = {
				ALWAYS_SEARCH_USER_PATHS = NO;
				CLANG_ANALYZER_NONNULL = YES;
				CLANG_ANALYZER_NUMBER_OBJECT_CONVERSION = YES_AGGRESSIVE;
				CLANG_CXX_LANGUAGE_STANDARD = "gnu++14";
				CLANG_CXX_LIBRARY = "libc++";
				CLANG_ENABLE_MODULES = YES;
				CLANG_ENABLE_OBJC_ARC = YES;
				CLANG_ENABLE_OBJC_WEAK = YES;
				CLANG_WARN_BLOCK_CAPTURE_AUTORELEASING = YES;
				CLANG_WARN_BOOL_CONVERSION = YES;
				CLANG_WARN_COMMA = YES;
				CLANG_WARN_CONSTANT_CONVERSION = YES;
				CLANG_WARN_DEPRECATED_OBJC_IMPLEMENTATIONS = YES;
				CLANG_WARN_DIRECT_OBJC_ISA_USAGE = YES_ERROR;
				CLANG_WARN_DOCUMENTATION_COMMENTS = YES;
				CLANG_WARN_EMPTY_BODY = YES;
				CLANG_WARN_ENUM_CONVERSION = YES;
				CLANG_WARN_INFINITE_RECURSION = YES;
				CLANG_WARN_INT_CONVERSION = YES;
				CLANG_WARN_NON_LITERAL_NULL_CONVERSION = YES;
				CLANG_WARN_OBJC_IMPLICIT_RETAIN_SELF = YES;
				CLANG_WARN_OBJC_LITERAL_CONVERSION = YES;
				CLANG_WARN_OBJC_ROOT_CLASS = YES_ERROR;
				CLANG_WARN_RANGE_LOOP_ANALYSIS = YES;
				CLANG_WARN_STRICT_PROTOTYPES = YES;
				CLANG_WARN_SUSPICIOUS_MOVE = YES;
				CLANG_WARN_UNGUARDED_AVAILABILITY = YES_AGGRESSIVE;
				CLANG_WARN_UNREACHABLE_CODE = YES;
				CLANG_WARN__DUPLICATE_METHOD_MATCH = YES;
				COPY_PHASE_STRIP = NO;
				DEBUG_INFORMATION_FORMAT = "dwarf-with-dsym";
				ENABLE_NS_ASSERTIONS = NO;
				ENABLE_STRICT_OBJC_MSGSEND = YES;
				GCC_C_LANGUAGE_STANDARD = gnu11;
				GCC_NO_COMMON_BLOCKS = YES;
				GCC_WARN_64_TO_32_BIT_CONVERSION = YES;
				GCC_WARN_ABOUT_RETURN_TYPE = YES_ERROR;
				GCC_WARN_UNDECLARED_SELECTOR = YES;
				GCC_WARN_UNINITIALIZED_AUTOS = YES_AGGRESSIVE;
				GCC_WARN_UNUSED_FUNCTION = YES;
				GCC_WARN_UNUSED_VARIABLE = YES;
				IPHONEOS_DEPLOYMENT_TARGET = 13.4;
				MTL_ENABLE_DEBUG_INFO = NO;
				MTL_FAST_MATH = YES;
				SDKROOT = iphoneos;
				SWIFT_COMPILATION_MODE = wholemodule;
				SWIFT_OPTIMIZATION_LEVEL = "-O";
				VALIDATE_PRODUCT = YES;
			};
			name = Release;
		};
		793E4624251C08840032EC18 /* Debug */ = {
			isa = XCBuildConfiguration;
			buildSettings = {
				ASSETCATALOG_COMPILER_APPICON_NAME = AppIcon;
				CODE_SIGN_STYLE = Automatic;
				DEVELOPMENT_TEAM = L5Y442FJFB;
				INFOPLIST_FILE = "Ml Core/Info.plist";
				LD_RUNPATH_SEARCH_PATHS = (
					"$(inherited)",
					"@executable_path/Frameworks",
				);
				PRODUCT_BUNDLE_IDENTIFIER = "com.ans96283.Ml-Core";
				PRODUCT_NAME = "$(TARGET_NAME)";
				SWIFT_VERSION = 5.0;
				TARGETED_DEVICE_FAMILY = "1,2";
			};
			name = Debug;
		};
		793E4625251C08840032EC18 /* Release */ = {
			isa = XCBuildConfiguration;
			buildSettings = {
				ASSETCATALOG_COMPILER_APPICON_NAME = AppIcon;
				CODE_SIGN_STYLE = Automatic;
				DEVELOPMENT_TEAM = L5Y442FJFB;
				INFOPLIST_FILE = "Ml Core/Info.plist";
				LD_RUNPATH_SEARCH_PATHS = (
					"$(inherited)",
					"@executable_path/Frameworks",
				);
				PRODUCT_BUNDLE_IDENTIFIER = "com.ans96283.Ml-Core";
				PRODUCT_NAME = "$(TARGET_NAME)";
				SWIFT_VERSION = 5.0;
				TARGETED_DEVICE_FAMILY = "1,2";
			};
			name = Release;
		};
		793E4627251C08840032EC18 /* Debug */ = {
			isa = XCBuildConfiguration;
			buildSettings = {
				ALWAYS_EMBED_SWIFT_STANDARD_LIBRARIES = YES;
				BUNDLE_LOADER = "$(TEST_HOST)";
				CODE_SIGN_STYLE = Automatic;
				DEVELOPMENT_TEAM = L5Y442FJFB;
				INFOPLIST_FILE = "Ml CoreTests/Info.plist";
				IPHONEOS_DEPLOYMENT_TARGET = 13.4;
				LD_RUNPATH_SEARCH_PATHS = (
					"$(inherited)",
					"@executable_path/Frameworks",
					"@loader_path/Frameworks",
				);
				PRODUCT_BUNDLE_IDENTIFIER = "com.ans96283.Ml-CoreTests";
				PRODUCT_NAME = "$(TARGET_NAME)";
				SWIFT_VERSION = 5.0;
				TARGETED_DEVICE_FAMILY = "1,2";
				TEST_HOST = "$(BUILT_PRODUCTS_DIR)/Ml Core.app/Ml Core";
			};
			name = Debug;
		};
		793E4628251C08840032EC18 /* Release */ = {
			isa = XCBuildConfiguration;
			buildSettings = {
				ALWAYS_EMBED_SWIFT_STANDARD_LIBRARIES = YES;
				BUNDLE_LOADER = "$(TEST_HOST)";
				CODE_SIGN_STYLE = Automatic;
				DEVELOPMENT_TEAM = L5Y442FJFB;
				INFOPLIST_FILE = "Ml CoreTests/Info.plist";
				IPHONEOS_DEPLOYMENT_TARGET = 13.4;
				LD_RUNPATH_SEARCH_PATHS = (
					"$(inherited)",
					"@executable_path/Frameworks",
					"@loader_path/Frameworks",
				);
				PRODUCT_BUNDLE_IDENTIFIER = "com.ans96283.Ml-CoreTests";
				PRODUCT_NAME = "$(TARGET_NAME)";
				SWIFT_VERSION = 5.0;
				TARGETED_DEVICE_FAMILY = "1,2";
				TEST_HOST = "$(BUILT_PRODUCTS_DIR)/Ml Core.app/Ml Core";
			};
			name = Release;
		};
		793E462A251C08840032EC18 /* Debug */ = {
			isa = XCBuildConfiguration;
			buildSettings = {
				ALWAYS_EMBED_SWIFT_STANDARD_LIBRARIES = YES;
				CODE_SIGN_STYLE = Automatic;
				DEVELOPMENT_TEAM = L5Y442FJFB;
				INFOPLIST_FILE = "Ml CoreUITests/Info.plist";
				LD_RUNPATH_SEARCH_PATHS = (
					"$(inherited)",
					"@executable_path/Frameworks",
					"@loader_path/Frameworks",
				);
				PRODUCT_BUNDLE_IDENTIFIER = "com.ans96283.Ml-CoreUITests";
				PRODUCT_NAME = "$(TARGET_NAME)";
				SWIFT_VERSION = 5.0;
				TARGETED_DEVICE_FAMILY = "1,2";
				TEST_TARGET_NAME = "Ml Core";
			};
			name = Debug;
		};
		793E462B251C08840032EC18 /* Release */ = {
			isa = XCBuildConfiguration;
			buildSettings = {
				ALWAYS_EMBED_SWIFT_STANDARD_LIBRARIES = YES;
				CODE_SIGN_STYLE = Automatic;
				DEVELOPMENT_TEAM = L5Y442FJFB;
				INFOPLIST_FILE = "Ml CoreUITests/Info.plist";
				LD_RUNPATH_SEARCH_PATHS = (
					"$(inherited)",
					"@executable_path/Frameworks",
					"@loader_path/Frameworks",
				);
				PRODUCT_BUNDLE_IDENTIFIER = "com.ans96283.Ml-CoreUITests";
				PRODUCT_NAME = "$(TARGET_NAME)";
				SWIFT_VERSION = 5.0;
				TARGETED_DEVICE_FAMILY = "1,2";
				TEST_TARGET_NAME = "Ml Core";
			};
			name = Release;
		};
/* End XCBuildConfiguration section */

/* Begin XCConfigurationList section */
		793E45F4251C087F0032EC18 /* Build configuration list for PBXProject "Ml Core" */ = {
			isa = XCConfigurationList;
			buildConfigurations = (
				793E4621251C08840032EC18 /* Debug */,
				793E4622251C08840032EC18 /* Release */,
			);
			defaultConfigurationIsVisible = 0;
			defaultConfigurationName = Release;
		};
		793E4623251C08840032EC18 /* Build configuration list for PBXNativeTarget "Ml Core" */ = {
			isa = XCConfigurationList;
			buildConfigurations = (
				793E4624251C08840032EC18 /* Debug */,
				793E4625251C08840032EC18 /* Release */,
			);
			defaultConfigurationIsVisible = 0;
			defaultConfigurationName = Release;
		};
		793E4626251C08840032EC18 /* Build configuration list for PBXNativeTarget "Ml CoreTests" */ = {
			isa = XCConfigurationList;
			buildConfigurations = (
				793E4627251C08840032EC18 /* Debug */,
				793E4628251C08840032EC18 /* Release */,
			);
			defaultConfigurationIsVisible = 0;
			defaultConfigurationName = Release;
		};
		793E4629251C08840032EC18 /* Build configuration list for PBXNativeTarget "Ml CoreUITests" */ = {
			isa = XCConfigurationList;
			buildConfigurations = (
				793E462A251C08840032EC18 /* Debug */,
				793E462B251C08840032EC18 /* Release */,
			);
			defaultConfigurationIsVisible = 0;
			defaultConfigurationName = Release;
		};
/* End XCConfigurationList section */
	};
	rootObject = 793E45F1251C087F0032EC18 /* Project object */;
}
